
Microsoft Visual Studio Solution File, Format Version 12.00
# Visual Studio Version 16
VisualStudioVersion = 16.0.29102.190
MinimumVisualStudioVersion = 10.0.40219.1
Project("{FAE04EC0-301F-11D3-BF4B-00C04F79EFBC}") = "MicroEditor", "MicroEditor\MicroEditor.csproj", "{84AB6A8B-7413-4482-8DE6-2EF22366E502}"
EndProject
Global
	GlobalSection(SolutionConfigurationPlatforms) = preSolution
		Debug|Any CPU = Debug|Any CPU
		Release|Any CPU = Release|Any CPU
	EndGlobalSection
	GlobalSection(ProjectConfigurationPlatforms) = postSolution
		{84AB6A8B-7413-4482-8DE6-2EF22366E502}.Debug|Any CPU.ActiveCfg = Debug|Any CPU
		{84AB6A8B-7413-4482-8DE6-2EF22366E502}.Debug|Any CPU.Build.0 = Debug|Any CPU
		{84AB6A8B-7413-4482-8DE6-2EF22366E502}.Release|Any CPU.ActiveCfg = Release|Any CPU
		{84AB6A8B-7413-4482-8DE6-2EF22366E502}.Release|Any CPU.Build.0 = Release|Any CPU
	EndGlobalSection
	GlobalSection(SolutionProperties) = preSolution
		HideSolutionNode = FALSE
	EndGlobalSection
	GlobalSection(ExtensibilityGlobals) = postSolution
		SolutionGuid = {D69881DA-9DEB-427D-95F0-2D7E0823207F}
	EndGlobalSection
EndGlobal
